// !$*UTF8*$!
{
	archiveVersion = 1;
	classes = {
	};
	objectVersion = 46;
	objects = {

/* Begin PBXBuildFile section */
		033F744F47A14B58B7F6DF80 /* Gotham-XLightItalic.otf in Resources */ = {isa = PBXBuildFile; fileRef = 4F0FAAC9E4F34B968CC9FB4E /* Gotham-XLightItalic.otf */; };
		13B07FBC1A68108700A75B9A /* AppDelegate.m in Sources */ = {isa = PBXBuildFile; fileRef = 13B07FB01A68108700A75B9A /* AppDelegate.m */; };
		13B07FBD1A68108700A75B9A /* LaunchScreen.xib in Resources */ = {isa = PBXBuildFile; fileRef = 13B07FB11A68108700A75B9A /* LaunchScreen.xib */; };
		13B07FBF1A68108700A75B9A /* Images.xcassets in Resources */ = {isa = PBXBuildFile; fileRef = 13B07FB51A68108700A75B9A /* Images.xcassets */; };
		13B07FC11A68108700A75B9A /* main.m in Sources */ = {isa = PBXBuildFile; fileRef = 13B07FB71A68108700A75B9A /* main.m */; };
		141F3ADB2DC24FAB84F54CA0 /* GothamBoldItalic.ttf in Resources */ = {isa = PBXBuildFile; fileRef = 81338170D46D4859B21C1A6B /* GothamBoldItalic.ttf */; };
		173FC163B46E44DC87EF6FCC /* client.mp3 in Resources */ = {isa = PBXBuildFile; fileRef = 1FC507D38C664A259C9451D3 /* client.mp3 */; };
		2EB6D90ED3B5415C976DA884 /* GothamMedium_1.ttf in Resources */ = {isa = PBXBuildFile; fileRef = EED047F6FEFA46A69763C87F /* GothamMedium_1.ttf */; };
		3614EC4D212B4086BD0ABC38 /* GothamMediumItalic.ttf in Resources */ = {isa = PBXBuildFile; fileRef = D43CBF53AA4641368B0F365F /* GothamMediumItalic.ttf */; };
		3E461D99554A48A4959DE609 /* SplashScreen.storyboard in Resources */ = {isa = PBXBuildFile; fileRef = AA286B85B6C04FC6940260E9 /* SplashScreen.storyboard */; };
		41E343FD4FE34DD8B344E891 /* Gotham-XLight.otf in Resources */ = {isa = PBXBuildFile; fileRef = C6A5E075E799477EA92820EA /* Gotham-XLight.otf */; };
		68D73575EA664393940AF665 /* Gotham-Black.otf in Resources */ = {isa = PBXBuildFile; fileRef = A6F689954F0A4D97BFE6441F /* Gotham-Black.otf */; };
		694E6105A8B74B3EAEC8C5E4 /* GothamMedium.ttf in Resources */ = {isa = PBXBuildFile; fileRef = E2B54EC87C2346899D983164 /* GothamMedium.ttf */; };
		6B3ECA4A8F3F4B3681BE8D89 /* Gotham-UltraItalic.otf in Resources */ = {isa = PBXBuildFile; fileRef = D39BADA1350F4FF1BB955265 /* Gotham-UltraItalic.otf */; };
		70FFCFFC9176CAAD0C52EAD1 /* Pods_uzifypartner.framework in Frameworks */ = {isa = PBXBuildFile; fileRef = F10ACB7A68B0BEEF80A97206 /* Pods_uzifypartner.framework */; };
		7D92BA75423942FDB5456DFD /* Gotham-Thin.otf in Resources */ = {isa = PBXBuildFile; fileRef = 0852E853B1AC486DAB0E83AF /* Gotham-Thin.otf */; };
		81A3D431F0C64FC1AAECB601 /* GothamLight.ttf in Resources */ = {isa = PBXBuildFile; fileRef = 8B237B13ABD04F508EE08A15 /* GothamLight.ttf */; };
		82FBB27FF4374709BBDDD27F /* partner.mp3 in Resources */ = {isa = PBXBuildFile; fileRef = A2C7DE5097C04D2DA4318B43 /* partner.mp3 */; };
		8525C2E2B70749B9945DE2B5 /* Gotham-ThinItalic.otf in Resources */ = {isa = PBXBuildFile; fileRef = CE7752ACC8ED435DAF8F2A7E /* Gotham-ThinItalic.otf */; };
		90AA4DA9251E485E9E6E029D /* GothamBold.ttf in Resources */ = {isa = PBXBuildFile; fileRef = 2B5519DB67D048AFB6893435 /* GothamBold.ttf */; };
		9E71A39DE27D45039780038A /* noop-file.swift in Sources */ = {isa = PBXBuildFile; fileRef = 5ADE6F8473814293819B05DA /* noop-file.swift */; };
		B331DFAC47D14424923DCD3B /* Gotham-BookItalic.otf in Resources */ = {isa = PBXBuildFile; fileRef = E76225C3C66D4673AAEA305E /* Gotham-BookItalic.otf */; };
		BB2F792D24A3F905000567C9 /* Expo.plist in Resources */ = {isa = PBXBuildFile; fileRef = BB2F792C24A3F905000567C9 /* Expo.plist */; };
		D4DBB74FB68543B5B5B81D6F /* GothamBook.ttf in Resources */ = {isa = PBXBuildFile; fileRef = 0C79187C7D604A2880587E95 /* GothamBook.ttf */; };
		E658BDC7B6154F3CAABD732F /* Gotham-Light.otf in Resources */ = {isa = PBXBuildFile; fileRef = 50C069B28D0E49429AE50F8A /* Gotham-Light.otf */; };
		F0311EB0FFFB4DA999142DD9 /* GothamLightItalic.ttf in Resources */ = {isa = PBXBuildFile; fileRef = 4716A962231D4B3BB94ECAE3 /* GothamLightItalic.ttf */; };
		F2D04AF4AC4C4161BBFEDB17 /* Gotham-Bold.otf in Resources */ = {isa = PBXBuildFile; fileRef = 8A8CD5E439774F65BA7B09A5 /* Gotham-Bold.otf */; };
		F5588D8EA6B84C2AA63D42C7 /* GothamBookItalic.ttf in Resources */ = {isa = PBXBuildFile; fileRef = 8E78ABE517B640B799C48759 /* GothamBookItalic.ttf */; };
/* End PBXBuildFile section */

/* Begin PBXFileReference section */
		008F07F21AC5B25A0029DE68 /* main.jsbundle */ = {isa = PBXFileReference; fileEncoding = 4; lastKnownFileType = text; path = main.jsbundle; sourceTree = "<group>"; };
		0852E853B1AC486DAB0E83AF /* Gotham-Thin.otf */ = {isa = PBXFileReference; explicitFileType = undefined; fileEncoding = undefined; includeInIndex = 0; lastKnownFileType = unknown; name = "Gotham-Thin.otf"; path = "../assets/fonts/Gotham-Thin.otf"; sourceTree = "<group>"; };
		0C79187C7D604A2880587E95 /* GothamBook.ttf */ = {isa = PBXFileReference; explicitFileType = undefined; fileEncoding = undefined; includeInIndex = 0; lastKnownFileType = unknown; name = GothamBook.ttf; path = ../assets/fonts/GothamBook.ttf; sourceTree = "<group>"; };
		13B07F961A680F5B00A75B9A /* uzifypartner.app */ = {isa = PBXFileReference; explicitFileType = wrapper.application; includeInIndex = 0; path = uzifypartner.app; sourceTree = BUILT_PRODUCTS_DIR; };
		13B07FAF1A68108700A75B9A /* AppDelegate.h */ = {isa = PBXFileReference; fileEncoding = 4; lastKnownFileType = sourcecode.c.h; name = AppDelegate.h; path = uzifypartner/AppDelegate.h; sourceTree = "<group>"; };
		13B07FB01A68108700A75B9A /* AppDelegate.m */ = {isa = PBXFileReference; fileEncoding = 4; lastKnownFileType = sourcecode.c.objc; name = AppDelegate.m; path = uzifypartner/AppDelegate.m; sourceTree = "<group>"; };
		13B07FB21A68108700A75B9A /* Base */ = {isa = PBXFileReference; lastKnownFileType = file.xib; name = Base; path = Base.lproj/LaunchScreen.xib; sourceTree = "<group>"; };
		13B07FB51A68108700A75B9A /* Images.xcassets */ = {isa = PBXFileReference; lastKnownFileType = folder.assetcatalog; name = Images.xcassets; path = uzifypartner/Images.xcassets; sourceTree = "<group>"; };
		13B07FB61A68108700A75B9A /* Info.plist */ = {isa = PBXFileReference; fileEncoding = 4; lastKnownFileType = text.plist.xml; name = Info.plist; path = uzifypartner/Info.plist; sourceTree = "<group>"; };
		13B07FB71A68108700A75B9A /* main.m */ = {isa = PBXFileReference; fileEncoding = 4; lastKnownFileType = sourcecode.c.objc; name = main.m; path = uzifypartner/main.m; sourceTree = "<group>"; };
		1FC507D38C664A259C9451D3 /* client.mp3 */ = {isa = PBXFileReference; explicitFileType = undefined; fileEncoding = undefined; includeInIndex = 0; lastKnownFileType = unknown; name = client.mp3; path = uzifypartner/client.mp3; sourceTree = "<group>"; };
		2B5519DB67D048AFB6893435 /* GothamBold.ttf */ = {isa = PBXFileReference; explicitFileType = undefined; fileEncoding = undefined; includeInIndex = 0; lastKnownFileType = unknown; name = GothamBold.ttf; path = ../assets/fonts/GothamBold.ttf; sourceTree = "<group>"; };
		4716A962231D4B3BB94ECAE3 /* GothamLightItalic.ttf */ = {isa = PBXFileReference; explicitFileType = undefined; fileEncoding = undefined; includeInIndex = 0; lastKnownFileType = unknown; name = GothamLightItalic.ttf; path = ../assets/fonts/GothamLightItalic.ttf; sourceTree = "<group>"; };
		4F0FAAC9E4F34B968CC9FB4E /* Gotham-XLightItalic.otf */ = {isa = PBXFileReference; explicitFileType = undefined; fileEncoding = undefined; includeInIndex = 0; lastKnownFileType = unknown; name = "Gotham-XLightItalic.otf"; path = "../assets/fonts/Gotham-XLightItalic.otf"; sourceTree = "<group>"; };
		50C069B28D0E49429AE50F8A /* Gotham-Light.otf */ = {isa = PBXFileReference; explicitFileType = undefined; fileEncoding = undefined; includeInIndex = 0; lastKnownFileType = unknown; name = "Gotham-Light.otf"; path = "../assets/fonts/Gotham-Light.otf"; sourceTree = "<group>"; };
		5ADE6F8473814293819B05DA /* noop-file.swift */ = {isa = PBXFileReference; explicitFileType = undefined; fileEncoding = 4; includeInIndex = 0; lastKnownFileType = sourcecode.swift; name = "noop-file.swift"; path = "uzifypartner/noop-file.swift"; sourceTree = "<group>"; };
		6C2E3173556A471DD304B334 /* Pods-uzifypartner.debug.xcconfig */ = {isa = PBXFileReference; includeInIndex = 1; lastKnownFileType = text.xcconfig; name = "Pods-uzifypartner.debug.xcconfig"; path = "Target Support Files/Pods-uzifypartner/Pods-uzifypartner.debug.xcconfig"; sourceTree = "<group>"; };
		7A4D352CD337FB3A3BF06240 /* Pods-uzifypartner.release.xcconfig */ = {isa = PBXFileReference; includeInIndex = 1; lastKnownFileType = text.xcconfig; name = "Pods-uzifypartner.release.xcconfig"; path = "Target Support Files/Pods-uzifypartner/Pods-uzifypartner.release.xcconfig"; sourceTree = "<group>"; };
		81338170D46D4859B21C1A6B /* GothamBoldItalic.ttf */ = {isa = PBXFileReference; explicitFileType = undefined; fileEncoding = undefined; includeInIndex = 0; lastKnownFileType = unknown; name = GothamBoldItalic.ttf; path = ../assets/fonts/GothamBoldItalic.ttf; sourceTree = "<group>"; };
		8A8CD5E439774F65BA7B09A5 /* Gotham-Bold.otf */ = {isa = PBXFileReference; explicitFileType = undefined; fileEncoding = undefined; includeInIndex = 0; lastKnownFileType = unknown; name = "Gotham-Bold.otf"; path = "../assets/fonts/Gotham-Bold.otf"; sourceTree = "<group>"; };
		8B237B13ABD04F508EE08A15 /* GothamLight.ttf */ = {isa = PBXFileReference; explicitFileType = undefined; fileEncoding = undefined; includeInIndex = 0; lastKnownFileType = unknown; name = GothamLight.ttf; path = ../assets/fonts/GothamLight.ttf; sourceTree = "<group>"; };
		8E78ABE517B640B799C48759 /* GothamBookItalic.ttf */ = {isa = PBXFileReference; explicitFileType = undefined; fileEncoding = undefined; includeInIndex = 0; lastKnownFileType = unknown; name = GothamBookItalic.ttf; path = ../assets/fonts/GothamBookItalic.ttf; sourceTree = "<group>"; };
		A2C7DE5097C04D2DA4318B43 /* partner.mp3 */ = {isa = PBXFileReference; explicitFileType = undefined; fileEncoding = undefined; includeInIndex = 0; lastKnownFileType = unknown; name = partner.mp3; path = uzifypartner/partner.mp3; sourceTree = "<group>"; };
		A6F689954F0A4D97BFE6441F /* Gotham-Black.otf */ = {isa = PBXFileReference; explicitFileType = undefined; fileEncoding = undefined; includeInIndex = 0; lastKnownFileType = unknown; name = "Gotham-Black.otf"; path = "../assets/fonts/Gotham-Black.otf"; sourceTree = "<group>"; };
		AA286B85B6C04FC6940260E9 /* SplashScreen.storyboard */ = {isa = PBXFileReference; fileEncoding = 4; lastKnownFileType = file.storyboard; name = SplashScreen.storyboard; path = uzifypartner/SplashScreen.storyboard; sourceTree = "<group>"; };
		BB2F792C24A3F905000567C9 /* Expo.plist */ = {isa = PBXFileReference; fileEncoding = 4; lastKnownFileType = text.plist.xml; path = Expo.plist; sourceTree = "<group>"; };
		C6A5E075E799477EA92820EA /* Gotham-XLight.otf */ = {isa = PBXFileReference; explicitFileType = undefined; fileEncoding = undefined; includeInIndex = 0; lastKnownFileType = unknown; name = "Gotham-XLight.otf"; path = "../assets/fonts/Gotham-XLight.otf"; sourceTree = "<group>"; };
		CE7752ACC8ED435DAF8F2A7E /* Gotham-ThinItalic.otf */ = {isa = PBXFileReference; explicitFileType = undefined; fileEncoding = undefined; includeInIndex = 0; lastKnownFileType = unknown; name = "Gotham-ThinItalic.otf"; path = "../assets/fonts/Gotham-ThinItalic.otf"; sourceTree = "<group>"; };
		D39BADA1350F4FF1BB955265 /* Gotham-UltraItalic.otf */ = {isa = PBXFileReference; explicitFileType = undefined; fileEncoding = undefined; includeInIndex = 0; lastKnownFileType = unknown; name = "Gotham-UltraItalic.otf"; path = "../assets/fonts/Gotham-UltraItalic.otf"; sourceTree = "<group>"; };
		D43CBF53AA4641368B0F365F /* GothamMediumItalic.ttf */ = {isa = PBXFileReference; explicitFileType = undefined; fileEncoding = undefined; includeInIndex = 0; lastKnownFileType = unknown; name = GothamMediumItalic.ttf; path = ../assets/fonts/GothamMediumItalic.ttf; sourceTree = "<group>"; };
		E2B54EC87C2346899D983164 /* GothamMedium.ttf */ = {isa = PBXFileReference; explicitFileType = undefined; fileEncoding = undefined; includeInIndex = 0; lastKnownFileType = unknown; name = GothamMedium.ttf; path = ../assets/fonts/GothamMedium.ttf; sourceTree = "<group>"; };
		E76225C3C66D4673AAEA305E /* Gotham-BookItalic.otf */ = {isa = PBXFileReference; explicitFileType = undefined; fileEncoding = undefined; includeInIndex = 0; lastKnownFileType = unknown; name = "Gotham-BookItalic.otf"; path = "../assets/fonts/Gotham-BookItalic.otf"; sourceTree = "<group>"; };
		ED297162215061F000B7C4FE /* JavaScriptCore.framework */ = {isa = PBXFileReference; lastKnownFileType = wrapper.framework; name = JavaScriptCore.framework; path = System/Library/Frameworks/JavaScriptCore.framework; sourceTree = SDKROOT; };
		ED2971642150620600B7C4FE /* JavaScriptCore.framework */ = {isa = PBXFileReference; lastKnownFileType = wrapper.framework; name = JavaScriptCore.framework; path = Platforms/AppleTVOS.platform/Developer/SDKs/AppleTVOS12.0.sdk/System/Library/Frameworks/JavaScriptCore.framework; sourceTree = DEVELOPER_DIR; };
		EED047F6FEFA46A69763C87F /* GothamMedium_1.ttf */ = {isa = PBXFileReference; explicitFileType = undefined; fileEncoding = undefined; includeInIndex = 0; lastKnownFileType = unknown; name = GothamMedium_1.ttf; path = ../assets/fonts/GothamMedium_1.ttf; sourceTree = "<group>"; };
		F10ACB7A68B0BEEF80A97206 /* Pods_uzifypartner.framework */ = {isa = PBXFileReference; explicitFileType = wrapper.framework; includeInIndex = 0; path = Pods_uzifypartner.framework; sourceTree = BUILT_PRODUCTS_DIR; };
		F3886E0B368940FFBADDA926 /* uzifypartner-Bridging-Header.h */ = {isa = PBXFileReference; explicitFileType = undefined; fileEncoding = 4; includeInIndex = 0; lastKnownFileType = sourcecode.c.h; name = "uzifypartner-Bridging-Header.h"; path = "uzifypartner/uzifypartner-Bridging-Header.h"; sourceTree = "<group>"; };
/* End PBXFileReference section */

/* Begin PBXFrameworksBuildPhase section */
		13B07F8C1A680F5B00A75B9A /* Frameworks */ = {
			isa = PBXFrameworksBuildPhase;
			buildActionMask = 2147483647;
			files = (
				70FFCFFC9176CAAD0C52EAD1 /* Pods_uzifypartner.framework in Frameworks */,
			);
			runOnlyForDeploymentPostprocessing = 0;
		};
/* End PBXFrameworksBuildPhase section */

/* Begin PBXGroup section */
		13B07FAE1A68108700A75B9A /* uzifypartner */ = {
			isa = PBXGroup;
			children = (
				BB2F792B24A3F905000567C9 /* Supporting */,
				008F07F21AC5B25A0029DE68 /* main.jsbundle */,
				13B07FAF1A68108700A75B9A /* AppDelegate.h */,
				13B07FB01A68108700A75B9A /* AppDelegate.m */,
				13B07FB51A68108700A75B9A /* Images.xcassets */,
				13B07FB61A68108700A75B9A /* Info.plist */,
				13B07FB11A68108700A75B9A /* LaunchScreen.xib */,
				13B07FB71A68108700A75B9A /* main.m */,
				AA286B85B6C04FC6940260E9 /* SplashScreen.storyboard */,
				5ADE6F8473814293819B05DA /* noop-file.swift */,
				F3886E0B368940FFBADDA926 /* uzifypartner-Bridging-Header.h */,
				A2C7DE5097C04D2DA4318B43 /* partner.mp3 */,
				1FC507D38C664A259C9451D3 /* client.mp3 */,
			);
			name = uzifypartner;
			sourceTree = "<group>";
		};
		2D16E6871FA4F8E400B85C8A /* Frameworks */ = {
			isa = PBXGroup;
			children = (
				ED297162215061F000B7C4FE /* JavaScriptCore.framework */,
				ED2971642150620600B7C4FE /* JavaScriptCore.framework */,
				F10ACB7A68B0BEEF80A97206 /* Pods_uzifypartner.framework */,
			);
			name = Frameworks;
			sourceTree = "<group>";
		};
		7E130F4D1C7F4B2999A21B6B /* Resources */ = {
			isa = PBXGroup;
			children = (
				A6F689954F0A4D97BFE6441F /* Gotham-Black.otf */,
				8A8CD5E439774F65BA7B09A5 /* Gotham-Bold.otf */,
				E76225C3C66D4673AAEA305E /* Gotham-BookItalic.otf */,
				50C069B28D0E49429AE50F8A /* Gotham-Light.otf */,
				0852E853B1AC486DAB0E83AF /* Gotham-Thin.otf */,
				CE7752ACC8ED435DAF8F2A7E /* Gotham-ThinItalic.otf */,
				D39BADA1350F4FF1BB955265 /* Gotham-UltraItalic.otf */,
				C6A5E075E799477EA92820EA /* Gotham-XLight.otf */,
				4F0FAAC9E4F34B968CC9FB4E /* Gotham-XLightItalic.otf */,
				2B5519DB67D048AFB6893435 /* GothamBold.ttf */,
				81338170D46D4859B21C1A6B /* GothamBoldItalic.ttf */,
				0C79187C7D604A2880587E95 /* GothamBook.ttf */,
				8E78ABE517B640B799C48759 /* GothamBookItalic.ttf */,
				8B237B13ABD04F508EE08A15 /* GothamLight.ttf */,
				4716A962231D4B3BB94ECAE3 /* GothamLightItalic.ttf */,
				EED047F6FEFA46A69763C87F /* GothamMedium_1.ttf */,
				E2B54EC87C2346899D983164 /* GothamMedium.ttf */,
				D43CBF53AA4641368B0F365F /* GothamMediumItalic.ttf */,
			);
			name = Resources;
			path = "";
			sourceTree = "<group>";
		};
		832341AE1AAA6A7D00B99B32 /* Libraries */ = {
			isa = PBXGroup;
			children = (
			);
			name = Libraries;
			sourceTree = "<group>";
		};
		83CBB9F61A601CBA00E9B192 = {
			isa = PBXGroup;
			children = (
				13B07FAE1A68108700A75B9A /* uzifypartner */,
				832341AE1AAA6A7D00B99B32 /* Libraries */,
				83CBBA001A601CBA00E9B192 /* Products */,
				2D16E6871FA4F8E400B85C8A /* Frameworks */,
				D65327D7A22EEC0BE12398D9 /* Pods */,
				7E130F4D1C7F4B2999A21B6B /* Resources */,
			);
			indentWidth = 2;
			sourceTree = "<group>";
			tabWidth = 2;
			usesTabs = 0;
		};
		83CBBA001A601CBA00E9B192 /* Products */ = {
			isa = PBXGroup;
			children = (
				13B07F961A680F5B00A75B9A /* uzifypartner.app */,
			);
			name = Products;
			sourceTree = "<group>";
		};
		BB2F792B24A3F905000567C9 /* Supporting */ = {
			isa = PBXGroup;
			children = (
				BB2F792C24A3F905000567C9 /* Expo.plist */,
			);
			name = Supporting;
			path = uzifypartner/Supporting;
			sourceTree = "<group>";
		};
		D65327D7A22EEC0BE12398D9 /* Pods */ = {
			isa = PBXGroup;
			children = (
				6C2E3173556A471DD304B334 /* Pods-uzifypartner.debug.xcconfig */,
				7A4D352CD337FB3A3BF06240 /* Pods-uzifypartner.release.xcconfig */,
			);
			path = Pods;
			sourceTree = "<group>";
		};
/* End PBXGroup section */

/* Begin PBXNativeTarget section */
		13B07F861A680F5B00A75B9A /* uzifypartner */ = {
			isa = PBXNativeTarget;
			buildConfigurationList = 13B07F931A680F5B00A75B9A /* Build configuration list for PBXNativeTarget "uzifypartner" */;
			buildPhases = (
				08A4A3CD28434E44B6B9DE2E /* [CP] Check Pods Manifest.lock */,
				FD10A7F022414F080027D42C /* Start Packager */,
				13B07F871A680F5B00A75B9A /* Sources */,
				13B07F8C1A680F5B00A75B9A /* Frameworks */,
				13B07F8E1A680F5B00A75B9A /* Resources */,
				00DD1BFF1BD5951E006B06BC /* Bundle React Native code and images */,
				800E24972A6A228C8D4807E9 /* [CP] Copy Pods Resources */,
				1E68E8EC801DA056C5D16D4E /* [CP] Embed Pods Frameworks */,
			);
			buildRules = (
			);
			dependencies = (
			);
			name = uzifypartner;
			productName = uzifypartner;
			productReference = 13B07F961A680F5B00A75B9A /* uzifypartner.app */;
			productType = "com.apple.product-type.application";
		};
/* End PBXNativeTarget section */

/* Begin PBXProject section */
		83CBB9F71A601CBA00E9B192 /* Project object */ = {
			isa = PBXProject;
			attributes = {
				LastUpgradeCheck = 1130;
				TargetAttributes = {
					13B07F861A680F5B00A75B9A = {
						DevelopmentTeam = 4CNB6XNDLH;
						LastSwiftMigration = 1120;
					};
				};
			};
			buildConfigurationList = 83CBB9FA1A601CBA00E9B192 /* Build configuration list for PBXProject "uzifypartner" */;
			compatibilityVersion = "Xcode 3.2";
			developmentRegion = en;
			hasScannedForEncodings = 0;
			knownRegions = (
				en,
				Base,
			);
			mainGroup = 83CBB9F61A601CBA00E9B192;
			productRefGroup = 83CBBA001A601CBA00E9B192 /* Products */;
			projectDirPath = "";
			projectRoot = "";
			targets = (
				13B07F861A680F5B00A75B9A /* uzifypartner */,
			);
		};
/* End PBXProject section */

/* Begin PBXResourcesBuildPhase section */
		13B07F8E1A680F5B00A75B9A /* Resources */ = {
			isa = PBXResourcesBuildPhase;
			buildActionMask = 2147483647;
			files = (
				BB2F792D24A3F905000567C9 /* Expo.plist in Resources */,
				13B07FBF1A68108700A75B9A /* Images.xcassets in Resources */,
				13B07FBD1A68108700A75B9A /* LaunchScreen.xib in Resources */,
				3E461D99554A48A4959DE609 /* SplashScreen.storyboard in Resources */,
				68D73575EA664393940AF665 /* Gotham-Black.otf in Resources */,
				F2D04AF4AC4C4161BBFEDB17 /* Gotham-Bold.otf in Resources */,
				B331DFAC47D14424923DCD3B /* Gotham-BookItalic.otf in Resources */,
				E658BDC7B6154F3CAABD732F /* Gotham-Light.otf in Resources */,
				7D92BA75423942FDB5456DFD /* Gotham-Thin.otf in Resources */,
				8525C2E2B70749B9945DE2B5 /* Gotham-ThinItalic.otf in Resources */,
				6B3ECA4A8F3F4B3681BE8D89 /* Gotham-UltraItalic.otf in Resources */,
				41E343FD4FE34DD8B344E891 /* Gotham-XLight.otf in Resources */,
				033F744F47A14B58B7F6DF80 /* Gotham-XLightItalic.otf in Resources */,
				90AA4DA9251E485E9E6E029D /* GothamBold.ttf in Resources */,
				141F3ADB2DC24FAB84F54CA0 /* GothamBoldItalic.ttf in Resources */,
				D4DBB74FB68543B5B5B81D6F /* GothamBook.ttf in Resources */,
				F5588D8EA6B84C2AA63D42C7 /* GothamBookItalic.ttf in Resources */,
				81A3D431F0C64FC1AAECB601 /* GothamLight.ttf in Resources */,
				F0311EB0FFFB4DA999142DD9 /* GothamLightItalic.ttf in Resources */,
				2EB6D90ED3B5415C976DA884 /* GothamMedium_1.ttf in Resources */,
				694E6105A8B74B3EAEC8C5E4 /* GothamMedium.ttf in Resources */,
				3614EC4D212B4086BD0ABC38 /* GothamMediumItalic.ttf in Resources */,
				82FBB27FF4374709BBDDD27F /* partner.mp3 in Resources */,
				173FC163B46E44DC87EF6FCC /* client.mp3 in Resources */,
			);
			runOnlyForDeploymentPostprocessing = 0;
		};
/* End PBXResourcesBuildPhase section */

/* Begin PBXShellScriptBuildPhase section */
		00DD1BFF1BD5951E006B06BC /* Bundle React Native code and images */ = {
			isa = PBXShellScriptBuildPhase;
			buildActionMask = 2147483647;
			files = (
			);
			inputPaths = (
			);
			name = "Bundle React Native code and images";
			outputPaths = (
			);
			runOnlyForDeploymentPostprocessing = 0;
			shellPath = /bin/sh;
			shellScript = "export NODE_BINARY=node\n../node_modules/react-native/scripts/react-native-xcode.sh\n../node_modules/expo-constants/scripts/get-app-config-ios.sh\n../node_modules/expo-updates/scripts/create-manifest-ios.sh\n";
		};
		08A4A3CD28434E44B6B9DE2E /* [CP] Check Pods Manifest.lock */ = {
			isa = PBXShellScriptBuildPhase;
			buildActionMask = 2147483647;
			files = (
			);
			inputFileListPaths = (
			);
			inputPaths = (
				"${PODS_PODFILE_DIR_PATH}/Podfile.lock",
				"${PODS_ROOT}/Manifest.lock",
			);
			name = "[CP] Check Pods Manifest.lock";
			outputFileListPaths = (
			);
			outputPaths = (
				"$(DERIVED_FILE_DIR)/Pods-uzifypartner-checkManifestLockResult.txt",
			);
			runOnlyForDeploymentPostprocessing = 0;
			shellPath = /bin/sh;
			shellScript = "diff \"${PODS_PODFILE_DIR_PATH}/Podfile.lock\" \"${PODS_ROOT}/Manifest.lock\" > /dev/null\nif [ $? != 0 ] ; then\n    # print error to STDERR\n    echo \"error: The sandbox is not in sync with the Podfile.lock. Run 'pod install' or update your CocoaPods installation.\" >&2\n    exit 1\nfi\n# This output is used by Xcode 'outputs' to avoid re-running this script phase.\necho \"SUCCESS\" > \"${SCRIPT_OUTPUT_FILE_0}\"\n";
			showEnvVarsInLog = 0;
		};
		1E68E8EC801DA056C5D16D4E /* [CP] Embed Pods Frameworks */ = {
			isa = PBXShellScriptBuildPhase;
			buildActionMask = 2147483647;
			files = (
			);
			inputPaths = (
				"${PODS_ROOT}/Target Support Files/Pods-uzifypartner/Pods-uzifypartner-frameworks.sh",
				"${BUILT_PRODUCTS_DIR}/DoubleConversion/DoubleConversion.framework",
				"${BUILT_PRODUCTS_DIR}/FirebaseCore/FirebaseCore.framework",
				"${BUILT_PRODUCTS_DIR}/FirebaseCoreDiagnostics/FirebaseCoreDiagnostics.framework",
				"${BUILT_PRODUCTS_DIR}/FirebaseInstallations/FirebaseInstallations.framework",
				"${BUILT_PRODUCTS_DIR}/GoogleDataTransport/GoogleDataTransport.framework",
				"${BUILT_PRODUCTS_DIR}/GoogleUtilities/GoogleUtilities.framework",
				"${BUILT_PRODUCTS_DIR}/PromisesObjC/FBLPromises.framework",
				"${BUILT_PRODUCTS_DIR}/RCT-Folly/folly.framework",
				"${BUILT_PRODUCTS_DIR}/RCTTypeSafety/RCTTypeSafety.framework",
				"${BUILT_PRODUCTS_DIR}/RNCAsyncStorage/RNCAsyncStorage.framework",
				"${BUILT_PRODUCTS_DIR}/RNDateTimePicker/RNDateTimePicker.framework",
				"${BUILT_PRODUCTS_DIR}/RNGestureHandler/RNGestureHandler.framework",
				"${BUILT_PRODUCTS_DIR}/React-Codegen/React_Codegen.framework",
				"${BUILT_PRODUCTS_DIR}/React-Core/React.framework",
				"${BUILT_PRODUCTS_DIR}/React-CoreModules/CoreModules.framework",
				"${BUILT_PRODUCTS_DIR}/React-RCTAnimation/RCTAnimation.framework",
				"${BUILT_PRODUCTS_DIR}/React-RCTBlob/RCTBlob.framework",
				"${BUILT_PRODUCTS_DIR}/React-RCTImage/RCTImage.framework",
				"${BUILT_PRODUCTS_DIR}/React-RCTLinking/RCTLinking.framework",
				"${BUILT_PRODUCTS_DIR}/React-RCTNetwork/RCTNetwork.framework",
				"${BUILT_PRODUCTS_DIR}/React-RCTSettings/RCTSettings.framework",
				"${BUILT_PRODUCTS_DIR}/React-RCTText/RCTText.framework",
				"${BUILT_PRODUCTS_DIR}/React-RCTVibration/RCTVibration.framework",
				"${BUILT_PRODUCTS_DIR}/React-cxxreact/cxxreact.framework",
				"${BUILT_PRODUCTS_DIR}/React-jsi/jsi.framework",
				"${BUILT_PRODUCTS_DIR}/React-jsiexecutor/jsireact.framework",
				"${BUILT_PRODUCTS_DIR}/React-jsinspector/jsinspector.framework",
				"${BUILT_PRODUCTS_DIR}/React-logger/logger.framework",
				"${BUILT_PRODUCTS_DIR}/React-perflogger/reactperflogger.framework",
				"${BUILT_PRODUCTS_DIR}/ReactCommon/ReactCommon.framework",
				"${BUILT_PRODUCTS_DIR}/Yoga/yoga.framework",
				"${BUILT_PRODUCTS_DIR}/fmt/fmt.framework",
				"${BUILT_PRODUCTS_DIR}/glog/glog.framework",
				"${BUILT_PRODUCTS_DIR}/nanopb/nanopb.framework",
				"${BUILT_PRODUCTS_DIR}/react-native-webview/react_native_webview.framework",
			);
			name = "[CP] Embed Pods Frameworks";
			outputPaths = (
				"${TARGET_BUILD_DIR}/${FRAMEWORKS_FOLDER_PATH}/DoubleConversion.framework",
				"${TARGET_BUILD_DIR}/${FRAMEWORKS_FOLDER_PATH}/FirebaseCore.framework",
				"${TARGET_BUILD_DIR}/${FRAMEWORKS_FOLDER_PATH}/FirebaseCoreDiagnostics.framework",
				"${TARGET_BUILD_DIR}/${FRAMEWORKS_FOLDER_PATH}/FirebaseInstallations.framework",
				"${TARGET_BUILD_DIR}/${FRAMEWORKS_FOLDER_PATH}/GoogleDataTransport.framework",
				"${TARGET_BUILD_DIR}/${FRAMEWORKS_FOLDER_PATH}/GoogleUtilities.framework",
				"${TARGET_BUILD_DIR}/${FRAMEWORKS_FOLDER_PATH}/FBLPromises.framework",
				"${TARGET_BUILD_DIR}/${FRAMEWORKS_FOLDER_PATH}/folly.framework",
				"${TARGET_BUILD_DIR}/${FRAMEWORKS_FOLDER_PATH}/RCTTypeSafety.framework",
				"${TARGET_BUILD_DIR}/${FRAMEWORKS_FOLDER_PATH}/RNCAsyncStorage.framework",
				"${TARGET_BUILD_DIR}/${FRAMEWORKS_FOLDER_PATH}/RNDateTimePicker.framework",
				"${TARGET_BUILD_DIR}/${FRAMEWORKS_FOLDER_PATH}/RNGestureHandler.framework",
				"${TARGET_BUILD_DIR}/${FRAMEWORKS_FOLDER_PATH}/React_Codegen.framework",
				"${TARGET_BUILD_DIR}/${FRAMEWORKS_FOLDER_PATH}/React.framework",
				"${TARGET_BUILD_DIR}/${FRAMEWORKS_FOLDER_PATH}/CoreModules.framework",
				"${TARGET_BUILD_DIR}/${FRAMEWORKS_FOLDER_PATH}/RCTAnimation.framework",
				"${TARGET_BUILD_DIR}/${FRAMEWORKS_FOLDER_PATH}/RCTBlob.framework",
				"${TARGET_BUILD_DIR}/${FRAMEWORKS_FOLDER_PATH}/RCTImage.framework",
				"${TARGET_BUILD_DIR}/${FRAMEWORKS_FOLDER_PATH}/RCTLinking.framework",
				"${TARGET_BUILD_DIR}/${FRAMEWORKS_FOLDER_PATH}/RCTNetwork.framework",
				"${TARGET_BUILD_DIR}/${FRAMEWORKS_FOLDER_PATH}/RCTSettings.framework",
				"${TARGET_BUILD_DIR}/${FRAMEWORKS_FOLDER_PATH}/RCTText.framework",
				"${TARGET_BUILD_DIR}/${FRAMEWORKS_FOLDER_PATH}/RCTVibration.framework",
				"${TARGET_BUILD_DIR}/${FRAMEWORKS_FOLDER_PATH}/cxxreact.framework",
				"${TARGET_BUILD_DIR}/${FRAMEWORKS_FOLDER_PATH}/jsi.framework",
				"${TARGET_BUILD_DIR}/${FRAMEWORKS_FOLDER_PATH}/jsireact.framework",
				"${TARGET_BUILD_DIR}/${FRAMEWORKS_FOLDER_PATH}/jsinspector.framework",
				"${TARGET_BUILD_DIR}/${FRAMEWORKS_FOLDER_PATH}/logger.framework",
				"${TARGET_BUILD_DIR}/${FRAMEWORKS_FOLDER_PATH}/reactperflogger.framework",
				"${TARGET_BUILD_DIR}/${FRAMEWORKS_FOLDER_PATH}/ReactCommon.framework",
				"${TARGET_BUILD_DIR}/${FRAMEWORKS_FOLDER_PATH}/yoga.framework",
				"${TARGET_BUILD_DIR}/${FRAMEWORKS_FOLDER_PATH}/fmt.framework",
				"${TARGET_BUILD_DIR}/${FRAMEWORKS_FOLDER_PATH}/glog.framework",
				"${TARGET_BUILD_DIR}/${FRAMEWORKS_FOLDER_PATH}/nanopb.framework",
				"${TARGET_BUILD_DIR}/${FRAMEWORKS_FOLDER_PATH}/react_native_webview.framework",
			);
			runOnlyForDeploymentPostprocessing = 0;
			shellPath = /bin/sh;
			shellScript = "\"${PODS_ROOT}/Target Support Files/Pods-uzifypartner/Pods-uzifypartner-frameworks.sh\"\n";
			showEnvVarsInLog = 0;
		};
		800E24972A6A228C8D4807E9 /* [CP] Copy Pods Resources */ = {
			isa = PBXShellScriptBuildPhase;
			buildActionMask = 2147483647;
			files = (
			);
			inputPaths = (
				"${PODS_ROOT}/Target Support Files/Pods-uzifypartner/Pods-uzifypartner-resources.sh",
				"${PODS_CONFIGURATION_BUILD_DIR}/EXConstants/EXConstants.bundle",
			);
			name = "[CP] Copy Pods Resources";
			outputPaths = (
				"${TARGET_BUILD_DIR}/${UNLOCALIZED_RESOURCES_FOLDER_PATH}/EXConstants.bundle",
			);
			runOnlyForDeploymentPostprocessing = 0;
			shellPath = /bin/sh;
			shellScript = "\"${PODS_ROOT}/Target Support Files/Pods-uzifypartner/Pods-uzifypartner-resources.sh\"\n";
			showEnvVarsInLog = 0;
		};
		FD10A7F022414F080027D42C /* Start Packager */ = {
			isa = PBXShellScriptBuildPhase;
			buildActionMask = 2147483647;
			files = (
			);
			inputFileListPaths = (
			);
			inputPaths = (
			);
			name = "Start Packager";
			outputFileListPaths = (
			);
			outputPaths = (
			);
			runOnlyForDeploymentPostprocessing = 0;
			shellPath = /bin/sh;
			shellScript = "export RCT_METRO_PORT=\"${RCT_METRO_PORT:=8081}\"\necho \"export RCT_METRO_PORT=${RCT_METRO_PORT}\" > \"${SRCROOT}/../node_modules/react-native/scripts/.packager.env\"\nif [ -z \"${RCT_NO_LAUNCH_PACKAGER+xxx}\" ] ; then\n  if nc -w 5 -z localhost ${RCT_METRO_PORT} ; then\n    if ! curl -s \"http://localhost:${RCT_METRO_PORT}/status\" | grep -q \"packager-status:running\" ; then\n      echo \"Port ${RCT_METRO_PORT} already in use, packager is either not running or not running correctly\"\n      exit 2\n    fi\n  else\n    open \"$SRCROOT/../node_modules/react-native/scripts/launchPackager.command\" || echo \"Can't start packager automatically\"\n  fi\nfi\n";
			showEnvVarsInLog = 0;
		};
/* End PBXShellScriptBuildPhase section */

/* Begin PBXSourcesBuildPhase section */
		13B07F871A680F5B00A75B9A /* Sources */ = {
			isa = PBXSourcesBuildPhase;
			buildActionMask = 2147483647;
			files = (
				13B07FBC1A68108700A75B9A /* AppDelegate.m in Sources */,
				13B07FC11A68108700A75B9A /* main.m in Sources */,
				9E71A39DE27D45039780038A /* noop-file.swift in Sources */,
			);
			runOnlyForDeploymentPostprocessing = 0;
		};
/* End PBXSourcesBuildPhase section */

/* Begin PBXVariantGroup section */
		13B07FB11A68108700A75B9A /* LaunchScreen.xib */ = {
			isa = PBXVariantGroup;
			children = (
				13B07FB21A68108700A75B9A /* Base */,
			);
			name = LaunchScreen.xib;
			path = uzifypartner;
			sourceTree = "<group>";
		};
/* End PBXVariantGroup section */

/* Begin XCBuildConfiguration section */
		13B07F941A680F5B00A75B9A /* Debug */ = {
			isa = XCBuildConfiguration;
			baseConfigurationReference = 6C2E3173556A471DD304B334 /* Pods-uzifypartner.debug.xcconfig */;
			buildSettings = {
				ASSETCATALOG_COMPILER_APPICON_NAME = AppIcon;
				CLANG_ENABLE_MODULES = YES;
				CODE_SIGN_ENTITLEMENTS = uzifypartner/uzifypartner.entitlements;
				CURRENT_PROJECT_VERSION = 1;
				DEVELOPMENT_TEAM = 4CNB6XNDLH;
				ENABLE_BITCODE = NO;
				GCC_PREPROCESSOR_DEFINITIONS = (
					"$(inherited)",
					"FB_SONARKIT_ENABLED=1",
				);
				INFOPLIST_FILE = uzifypartner/Info.plist;
				IPHONEOS_DEPLOYMENT_TARGET = 11.0;
				LD_RUNPATH_SEARCH_PATHS = "$(inherited) @executable_path/Frameworks";
				OTHER_LDFLAGS = (
					"$(inherited)",
					"-ObjC",
					"-lc++",
				);
				PRODUCT_BUNDLE_IDENTIFIER = com.priyesh1224.uzifypartner;
				PRODUCT_NAME = uzifypartner;
				SWIFT_OBJC_BRIDGING_HEADER = "uzifypartner/uzifypartner-Bridging-Header.h";
				SWIFT_OPTIMIZATION_LEVEL = "-Onone";
				SWIFT_VERSION = 5.0;
				TARGETED_DEVICE_FAMILY = "1,2";
				VERSIONING_SYSTEM = "apple-generic";
			};
			name = Debug;
		};
		13B07F951A680F5B00A75B9A /* Release */ = {
			isa = XCBuildConfiguration;
			baseConfigurationReference = 7A4D352CD337FB3A3BF06240 /* Pods-uzifypartner.release.xcconfig */;
			buildSettings = {
				ASSETCATALOG_COMPILER_APPICON_NAME = AppIcon;
				CLANG_ENABLE_MODULES = YES;
				CODE_SIGN_ENTITLEMENTS = uzifypartner/uzifypartner.entitlements;
				CURRENT_PROJECT_VERSION = 1;
				DEVELOPMENT_TEAM = 4CNB6XNDLH;
				INFOPLIST_FILE = uzifypartner/Info.plist;
				IPHONEOS_DEPLOYMENT_TARGET = 11.0;
				LD_RUNPATH_SEARCH_PATHS = "$(inherited) @executable_path/Frameworks";
				OTHER_LDFLAGS = (
					"$(inherited)",
					"-ObjC",
					"-lc++",
				);
				PRODUCT_BUNDLE_IDENTIFIER = com.priyesh1224.uzifypartner;
				PRODUCT_NAME = uzifypartner;
				SWIFT_OBJC_BRIDGING_HEADER = "uzifypartner/uzifypartner-Bridging-Header.h";
				SWIFT_VERSION = 5.0;
				TARGETED_DEVICE_FAMILY = "1,2";
				VERSIONING_SYSTEM = "apple-generic";
			};
			name = Release;
		};
		83CBBA201A601CBA00E9B192 /* Debug */ = {
			isa = XCBuildConfiguration;
			buildSettings = {
				ALWAYS_SEARCH_USER_PATHS = NO;
				CLANG_ANALYZER_LOCALIZABILITY_NONLOCALIZED = YES;
				CLANG_CXX_LANGUAGE_STANDARD = "gnu++0x";
				CLANG_CXX_LIBRARY = "libc++";
				CLANG_ENABLE_MODULES = YES;
				CLANG_ENABLE_OBJC_ARC = YES;
				CLANG_WARN_BLOCK_CAPTURE_AUTORELEASING = YES;
				CLANG_WARN_BOOL_CONVERSION = YES;
				CLANG_WARN_COMMA = YES;
				CLANG_WARN_CONSTANT_CONVERSION = YES;
				CLANG_WARN_DEPRECATED_OBJC_IMPLEMENTATIONS = YES;
				CLANG_WARN_DIRECT_OBJC_ISA_USAGE = YES_ERROR;
				CLANG_WARN_EMPTY_BODY = YES;
				CLANG_WARN_ENUM_CONVERSION = YES;
				CLANG_WARN_INFINITE_RECURSION = YES;
				CLANG_WARN_INT_CONVERSION = YES;
				CLANG_WARN_NON_LITERAL_NULL_CONVERSION = YES;
				CLANG_WARN_OBJC_IMPLICIT_RETAIN_SELF = YES;
				CLANG_WARN_OBJC_LITERAL_CONVERSION = YES;
				CLANG_WARN_OBJC_ROOT_CLASS = YES_ERROR;
				CLANG_WARN_RANGE_LOOP_ANALYSIS = YES;
				CLANG_WARN_STRICT_PROTOTYPES = YES;
				CLANG_WARN_SUSPICIOUS_MOVE = YES;
				CLANG_WARN_UNREACHABLE_CODE = YES;
				CLANG_WARN__DUPLICATE_METHOD_MATCH = YES;
				CODE_SIGN_ENTITLEMENTS = uzifypartner/uzifypartner.entitlements;
				"CODE_SIGN_IDENTITY[sdk=iphoneos*]" = "iPhone Developer";
				COPY_PHASE_STRIP = NO;
				ENABLE_STRICT_OBJC_MSGSEND = YES;
				ENABLE_TESTABILITY = YES;
				GCC_C_LANGUAGE_STANDARD = gnu99;
				GCC_DYNAMIC_NO_PIC = NO;
				GCC_NO_COMMON_BLOCKS = YES;
				GCC_OPTIMIZATION_LEVEL = 0;
				GCC_PREPROCESSOR_DEFINITIONS = (
					"DEBUG=1",
					"$(inherited)",
				);
				GCC_SYMBOLS_PRIVATE_EXTERN = NO;
				GCC_WARN_64_TO_32_BIT_CONVERSION = YES;
				GCC_WARN_ABOUT_RETURN_TYPE = YES_ERROR;
				GCC_WARN_UNDECLARED_SELECTOR = YES;
				GCC_WARN_UNINITIALIZED_AUTOS = YES_AGGRESSIVE;
				GCC_WARN_UNUSED_FUNCTION = YES;
				GCC_WARN_UNUSED_VARIABLE = YES;
				IPHONEOS_DEPLOYMENT_TARGET = 11.0;
				LD_RUNPATH_SEARCH_PATHS = "/usr/lib/swift $(inherited)";
				LIBRARY_SEARCH_PATHS = "\"$(inherited)\"";
				MTL_ENABLE_DEBUG_INFO = YES;
				ONLY_ACTIVE_ARCH = YES;
				SDKROOT = iphoneos;
			};
			name = Debug;
		};
		83CBBA211A601CBA00E9B192 /* Release */ = {
			isa = XCBuildConfiguration;
			buildSettings = {
				ALWAYS_SEARCH_USER_PATHS = NO;
				CLANG_ANALYZER_LOCALIZABILITY_NONLOCALIZED = YES;
				CLANG_CXX_LANGUAGE_STANDARD = "gnu++0x";
				CLANG_CXX_LIBRARY = "libc++";
				CLANG_ENABLE_MODULES = YES;
				CLANG_ENABLE_OBJC_ARC = YES;
				CLANG_WARN_BLOCK_CAPTURE_AUTORELEASING = YES;
				CLANG_WARN_BOOL_CONVERSION = YES;
				CLANG_WARN_COMMA = YES;
				CLANG_WARN_CONSTANT_CONVERSION = YES;
				CLANG_WARN_DEPRECATED_OBJC_IMPLEMENTATIONS = YES;
				CLANG_WARN_DIRECT_OBJC_ISA_USAGE = YES_ERROR;
				CLANG_WARN_EMPTY_BODY = YES;
				CLANG_WARN_ENUM_CONVERSION = YES;
				CLANG_WARN_INFINITE_RECURSION = YES;
				CLANG_WARN_INT_CONVERSION = YES;
				CLANG_WARN_NON_LITERAL_NULL_CONVERSION = YES;
				CLANG_WARN_OBJC_IMPLICIT_RETAIN_SELF = YES;
				CLANG_WARN_OBJC_LITERAL_CONVERSION = YES;
				CLANG_WARN_OBJC_ROOT_CLASS = YES_ERROR;
				CLANG_WARN_RANGE_LOOP_ANALYSIS = YES;
				CLANG_WARN_STRICT_PROTOTYPES = YES;
				CLANG_WARN_SUSPICIOUS_MOVE = YES;
				CLANG_WARN_UNREACHABLE_CODE = YES;
				CLANG_WARN__DUPLICATE_METHOD_MATCH = YES;
				CODE_SIGN_ENTITLEMENTS = uzifypartner/uzifypartner.entitlements;
				"CODE_SIGN_IDENTITY[sdk=iphoneos*]" = "iPhone Developer";
				COPY_PHASE_STRIP = YES;
				ENABLE_NS_ASSERTIONS = NO;
				ENABLE_STRICT_OBJC_MSGSEND = YES;
				GCC_C_LANGUAGE_STANDARD = gnu99;
				GCC_NO_COMMON_BLOCKS = YES;
				GCC_WARN_64_TO_32_BIT_CONVERSION = YES;
				GCC_WARN_ABOUT_RETURN_TYPE = YES_ERROR;
				GCC_WARN_UNDECLARED_SELECTOR = YES;
				GCC_WARN_UNINITIALIZED_AUTOS = YES_AGGRESSIVE;
				GCC_WARN_UNUSED_FUNCTION = YES;
				GCC_WARN_UNUSED_VARIABLE = YES;
				IPHONEOS_DEPLOYMENT_TARGET = 11.0;
				LD_RUNPATH_SEARCH_PATHS = "/usr/lib/swift $(inherited)";
				LIBRARY_SEARCH_PATHS = "\"$(inherited)\"";
				MTL_ENABLE_DEBUG_INFO = NO;
				SDKROOT = iphoneos;
				VALIDATE_PRODUCT = YES;
			};
			name = Release;
		};
/* End XCBuildConfiguration section */

/* Begin XCConfigurationList section */
		13B07F931A680F5B00A75B9A /* Build configuration list for PBXNativeTarget "uzifypartner" */ = {
			isa = XCConfigurationList;
			buildConfigurations = (
				13B07F941A680F5B00A75B9A /* Debug */,
				13B07F951A680F5B00A75B9A /* Release */,
			);
			defaultConfigurationIsVisible = 0;
			defaultConfigurationName = Release;
		};
		83CBB9FA1A601CBA00E9B192 /* Build configuration list for PBXProject "uzifypartner" */ = {
			isa = XCConfigurationList;
			buildConfigurations = (
				83CBBA201A601CBA00E9B192 /* Debug */,
				83CBBA211A601CBA00E9B192 /* Release */,
			);
			defaultConfigurationIsVisible = 0;
			defaultConfigurationName = Release;
		};
/* End XCConfigurationList section */
	};
	rootObject = 83CBB9F71A601CBA00E9B192 /* Project object */;
}
